<?xml version="1.0" encoding="UTF-8"?>
<Scheme
   version = "1.3">
   <BuildAction>
      <BuildActionEntries>
         <BuildActionEntry
            buildForTesting = "YES">
            <BuildableReference
               BuildableIdentifier = "primary"
               BlueprintIdentifier = "4B3CCDE022BD5AC200C0E439"
               BuildableName = "tiket-gameTests.xctest"
               BlueprintName = "tiket-gameTests"
               ReferencedContainer = "container:tiket-game.xcodeproj">
            </BuildableReference>
         </BuildActionEntry>
      </BuildActionEntries>
   </BuildAction>
   <TestAction
      buildConfiguration = "Debug">
      <Testables>
         <TestableReference>
            <BuildableReference
               BuildableIdentifier = "primary"
               BlueprintIdentifier = "4B3CCDE022BD5AC200C0E439"
               BuildableName = "tiket-gameTests.xctest"
               BlueprintName = "tiket-gameTests"
               ReferencedContainer = "container:tiket-game.xcodeproj">
            </BuildableReference>
         </TestableReference>
      </Testables>
   </TestAction>
   <LaunchAction
      useCustomWorkingDirectory = "NO"
      allowLocationSimulation = "YES">
   </LaunchAction>
</Scheme>
